// !$*UTF8*$!
{
	archiveVersion = 1;
	classes = {
	};
	objectVersion = 46;
	objects = {

/* Begin PBXAggregateTarget section */
		F46690361EE1C84100748E8C /* MOODLE App Documentation */ = {
			isa = PBXAggregateTarget;
			buildConfigurationList = F46690391EE1C84100748E8C /* Build configuration list for PBXAggregateTarget "MOODLE App Documentation" */;
			buildPhases = (
				F466903A1EE1C86800748E8C /* Build Documentation */,
			);
			dependencies = (
			);
			name = "MOODLE App Documentation";
			productName = "MOODLE App Documentation";
		};
/* End PBXAggregateTarget section */

/* Begin PBXBuildFile section */
		F40006201ECE236800FB1F60 /* MOODLEXMLParser.m in Sources */ = {isa = PBXBuildFile; fileRef = F400061F1ECE236800FB1F60 /* MOODLEXMLParser.m */; };
		F40518441EDAE506008B3BF7 /* MOODLETableViewRowAction.m in Sources */ = {isa = PBXBuildFile; fileRef = F40518431EDAE506008B3BF7 /* MOODLETableViewRowAction.m */; };
		F40518471EDB04AE008B3BF7 /* MOODLESettingsViewController.m in Sources */ = {isa = PBXBuildFile; fileRef = F40518461EDB04AE008B3BF7 /* MOODLESettingsViewController.m */; };
		F40D0D171F124CF200A98A0D /* UIView+Autolayout.m in Sources */ = {isa = PBXBuildFile; fileRef = F40D0D161F124CF200A98A0D /* UIView+Autolayout.m */; };
		F42860C81ED0444800D498EC /* NSURLSession+SynchronuosTask.m in Sources */ = {isa = PBXBuildFile; fileRef = F42860C71ED0444800D498EC /* NSURLSession+SynchronuosTask.m */; };
		F42860D11ED0DC0B00D498EC /* MOODLESearchItemDetailViewController.m in Sources */ = {isa = PBXBuildFile; fileRef = F42860D01ED0DC0B00D498EC /* MOODLESearchItemDetailViewController.m */; };
		F42860D41ED1EFB000D498EC /* MOODLESearchResultTableViewCell.m in Sources */ = {isa = PBXBuildFile; fileRef = F42860D31ED1EFB000D498EC /* MOODLESearchResultTableViewCell.m */; };
		F43143D11F0FE96E00B07352 /* MOODLEChat.m in Sources */ = {isa = PBXBuildFile; fileRef = F43143D01F0FE96E00B07352 /* MOODLEChat.m */; };
		F43143D51F10082900B07352 /* MOODLEMessagesViewController.m in Sources */ = {isa = PBXBuildFile; fileRef = F43143D41F10082900B07352 /* MOODLEMessagesViewController.m */; };
		F43143D91F1015CA00B07352 /* MOODLEChatItemTableViewCell.m in Sources */ = {isa = PBXBuildFile; fileRef = F43143D81F1015CA00B07352 /* MOODLEChatItemTableViewCell.m */; };
		F43144021F103AE300B07352 /* MOODLEChatMessageTableViewCell.m in Sources */ = {isa = PBXBuildFile; fileRef = F43144011F103AE300B07352 /* MOODLEChatMessageTableViewCell.m */; };
		F43144051F103B1700B07352 /* SGBubbleView.m in Sources */ = {isa = PBXBuildFile; fileRef = F43144041F103B1700B07352 /* SGBubbleView.m */; };
		F43144081F1048FD00B07352 /* MOODLEChatMessage.m in Sources */ = {isa = PBXBuildFile; fileRef = F43144071F1048FD00B07352 /* MOODLEChatMessage.m */; };
		F431440B1F1056F600B07352 /* MOODLEChatItemViewController.m in Sources */ = {isa = PBXBuildFile; fileRef = F431440A1F1056F600B07352 /* MOODLEChatItemViewController.m */; };
		F4327CE31EEAFFE400AA4A7B /* MOODLELinguisticListFormatter.m in Sources */ = {isa = PBXBuildFile; fileRef = F4327CE21EEAFFE400AA4A7B /* MOODLELinguisticListFormatter.m */; };
		F43852921EC90AEC005BC780 /* MOODLECourseSectionTableViewCell.m in Sources */ = {isa = PBXBuildFile; fileRef = F43852911EC90AEC005BC780 /* MOODLECourseSectionTableViewCell.m */; };
		F43852961EC922D7005BC780 /* MOODLECourseSectionItem.m in Sources */ = {isa = PBXBuildFile; fileRef = F43852951EC922D7005BC780 /* MOODLECourseSectionItem.m */; };
		F438529A1EC93A7E005BC780 /* MOODLECourseSectionDetailViewController.m in Sources */ = {isa = PBXBuildFile; fileRef = F43852981EC93A7E005BC780 /* MOODLECourseSectionDetailViewController.m */; };
		F43D50291EE17A4200BF534E /* MOODLEProgressViewController.m in Sources */ = {isa = PBXBuildFile; fileRef = F43D50281EE17A4200BF534E /* MOODLEProgressViewController.m */; };
		F440C7C91F07C99F000ABE37 /* MOODLEForumPostTableViewCell.m in Sources */ = {isa = PBXBuildFile; fileRef = F440C7C81F07C99F000ABE37 /* MOODLEForumPostTableViewCell.m */; };
		F451B6181EE59E9D00BE056E /* UIColor+Moodle.m in Sources */ = {isa = PBXBuildFile; fileRef = F451B6171EE59E9D00BE056E /* UIColor+Moodle.m */; };
		F45778A41EE78E8D0000B130 /* HUProgressIndicator.m in Sources */ = {isa = PBXBuildFile; fileRef = F45778A11EE78E8D0000B130 /* HUProgressIndicator.m */; };
		F45778A51EE78E8D0000B130 /* bezierdata_w80_h80.archive in Resources */ = {isa = PBXBuildFile; fileRef = F45778A21EE78E8D0000B130 /* bezierdata_w80_h80.archive */; };
		F45778A61EE78E8D0000B130 /* bezierdata_w120_h120.archive in Resources */ = {isa = PBXBuildFile; fileRef = F45778A31EE78E8D0000B130 /* bezierdata_w120_h120.archive */; };
		F45DE6761ED1FEDD0077BC61 /* MOODLECommentTableViewCell.m in Sources */ = {isa = PBXBuildFile; fileRef = F45DE6751ED1FEDD0077BC61 /* MOODLECommentTableViewCell.m */; };
		F45ED3691F0A65540086CEED /* MOODLEForumThreadTableViewCell.m in Sources */ = {isa = PBXBuildFile; fileRef = F45ED3681F0A65540086CEED /* MOODLEForumThreadTableViewCell.m */; };
		F466904A1EE1FED500748E8C /* Localizable.strings in Resources */ = {isa = PBXBuildFile; fileRef = F46690461EE1FED500748E8C /* Localizable.strings */; };
		F46AA5D11F0564D00072F05C /* MOODLEForum.m in Sources */ = {isa = PBXBuildFile; fileRef = F46AA5D01F0564D00072F05C /* MOODLEForum.m */; };
		F46AA5D41F056BAE0072F05C /* MOODLEPersistentStoreCoordinator.m in Sources */ = {isa = PBXBuildFile; fileRef = F46AA5D31F056BAE0072F05C /* MOODLEPersistentStoreCoordinator.m */; };
		F46AA5D71F058E120072F05C /* MOODLEForumEntry.m in Sources */ = {isa = PBXBuildFile; fileRef = F46AA5D61F058E120072F05C /* MOODLEForumEntry.m */; };
		F46AA5DA1F05958E0072F05C /* MOODLEForumViewController.m in Sources */ = {isa = PBXBuildFile; fileRef = F46AA5D91F05958E0072F05C /* MOODLEForumViewController.m */; };
		F46BE03B1EC9E9B60060F934 /* MOODLEDocumentViewController.m in Sources */ = {isa = PBXBuildFile; fileRef = F46BE03A1EC9E9B60060F934 /* MOODLEDocumentViewController.m */; };
		F46D48121EF146BA00634C89 /* MOODLERessourceCoordinator.m in Sources */ = {isa = PBXBuildFile; fileRef = F46D48111EF146BA00634C89 /* MOODLERessourceCoordinator.m */; };
		F46D48181EF1C86400634C89 /* MOODLEDocumentsTableViewController.m in Sources */ = {isa = PBXBuildFile; fileRef = F46D48171EF1C86400634C89 /* MOODLEDocumentsTableViewController.m */; };
		F47F4F071EE4D7480047B330 /* SGLabeledSwitch.m in Sources */ = {isa = PBXBuildFile; fileRef = F47F4F051EE4D7480047B330 /* SGLabeledSwitch.m */; };
		F4913BA71EF2ACBD000DCFC5 /* SGAccessibleSlider.m in Sources */ = {isa = PBXBuildFile; fileRef = F4913BA61EF2ACBD000DCFC5 /* SGAccessibleSlider.m */; };
		F4AB59B21F05B470007670E5 /* MOODLEForumEntryViewController.m in Sources */ = {isa = PBXBuildFile; fileRef = F4AB59B11F05B470007670E5 /* MOODLEForumEntryViewController.m */; };
		F4AB59B51F05B645007670E5 /* MOODLEForumPost.m in Sources */ = {isa = PBXBuildFile; fileRef = F4AB59B41F05B645007670E5 /* MOODLEForumPost.m */; };
		F4C841641EE8437800B0EEC5 /* MOODLEActivityView.m in Sources */ = {isa = PBXBuildFile; fileRef = F4C841631EE8437800B0EEC5 /* MOODLEActivityView.m */; };
		F4D198851EE2C8F400BF64F2 /* AccessibilityCoordinator.m in Sources */ = {isa = PBXBuildFile; fileRef = F4D198841EE2C8F400BF64F2 /* AccessibilityCoordinator.m */; };
		F4D49AB11EC70B8000CA1193 /* main.m in Sources */ = {isa = PBXBuildFile; fileRef = F4D49AB01EC70B8000CA1193 /* main.m */; };
		F4D49AB41EC70B8000CA1193 /* AppDelegate.m in Sources */ = {isa = PBXBuildFile; fileRef = F4D49AB31EC70B8000CA1193 /* AppDelegate.m */; };
		F4D49ABA1EC70B8000CA1193 /* Main.storyboard in Resources */ = {isa = PBXBuildFile; fileRef = F4D49AB81EC70B8000CA1193 /* Main.storyboard */; };
		F4D49ABC1EC70B8000CA1193 /* Assets.xcassets in Resources */ = {isa = PBXBuildFile; fileRef = F4D49ABB1EC70B8000CA1193 /* Assets.xcassets */; };
		F4D49ABF1EC70B8000CA1193 /* LaunchScreen.storyboard in Resources */ = {isa = PBXBuildFile; fileRef = F4D49ABD1EC70B8000CA1193 /* LaunchScreen.storyboard */; };
		F4D49AC81EC71A9800CA1193 /* MOODLELoginViewController.m in Sources */ = {isa = PBXBuildFile; fileRef = F4D49AC71EC71A9800CA1193 /* MOODLELoginViewController.m */; };
		F4D49ACB1EC770E700CA1193 /* NSURLRequest+Moodle.m in Sources */ = {isa = PBXBuildFile; fileRef = F4D49ACA1EC770E700CA1193 /* NSURLRequest+Moodle.m */; };
		F4D49ACE1EC7761200CA1193 /* MOODLECourseViewController.m in Sources */ = {isa = PBXBuildFile; fileRef = F4D49ACD1EC7761200CA1193 /* MOODLECourseViewController.m */; };
		F4D49AD61EC790BE00CA1193 /* TFHpple.m in Sources */ = {isa = PBXBuildFile; fileRef = F4D49AD11EC790BE00CA1193 /* TFHpple.m */; };
		F4D49AD71EC790BE00CA1193 /* TFHppleElement.m in Sources */ = {isa = PBXBuildFile; fileRef = F4D49AD31EC790BE00CA1193 /* TFHppleElement.m */; };
		F4D49AD81EC790BE00CA1193 /* XPathQuery.m in Sources */ = {isa = PBXBuildFile; fileRef = F4D49AD51EC790BE00CA1193 /* XPathQuery.m */; };
		F4D49ADB1EC859DE00CA1193 /* libxml2.tbd in Frameworks */ = {isa = PBXBuildFile; fileRef = F4D49ADA1EC859DE00CA1193 /* libxml2.tbd */; };
		F4D49ADE1EC85C4400CA1193 /* MOODLECourse.m in Sources */ = {isa = PBXBuildFile; fileRef = F4D49ADD1EC85C4400CA1193 /* MOODLECourse.m */; };
		F4D49AE21EC85F3000CA1193 /* MOODLEDataModel.m in Sources */ = {isa = PBXBuildFile; fileRef = F4D49AE11EC85F3000CA1193 /* MOODLEDataModel.m */; };
		F4D49AE51EC88F1300CA1193 /* KeychainWrapper.m in Sources */ = {isa = PBXBuildFile; fileRef = F4D49AE41EC88F1300CA1193 /* KeychainWrapper.m */; };
		F4D49AE91EC8AF1300CA1193 /* MOODLECourseSection.m in Sources */ = {isa = PBXBuildFile; fileRef = F4D49AE81EC8AF1300CA1193 /* MOODLECourseSection.m */; };
		F4D49AEE1EC8B07E00CA1193 /* MOODLECourseTableViewCell.m in Sources */ = {isa = PBXBuildFile; fileRef = F4D49AED1EC8B07E00CA1193 /* MOODLECourseTableViewCell.m */; };
		F4D49AF21EC8B16600CA1193 /* MOODLECourseDetailViewController.m in Sources */ = {isa = PBXBuildFile; fileRef = F4D49AF11EC8B16600CA1193 /* MOODLECourseDetailViewController.m */; };
		F4D49AF51EC8C12D00CA1193 /* MOODLECourseSearchViewController.m in Sources */ = {isa = PBXBuildFile; fileRef = F4D49AF41EC8C12D00CA1193 /* MOODLECourseSearchViewController.m */; };
		F4D49AF81EC8C17E00CA1193 /* MOODLETabBarController.m in Sources */ = {isa = PBXBuildFile; fileRef = F4D49AF71EC8C17E00CA1193 /* MOODLETabBarController.m */; };
		F4DBA3551F05185C00922921 /* MOODLEUser.m in Sources */ = {isa = PBXBuildFile; fileRef = F4DBA3541F05185C00922921 /* MOODLEUser.m */; };
		F4FC68F41ECC552800854DA1 /* MOODLECourseSectionItemTableViewCell.m in Sources */ = {isa = PBXBuildFile; fileRef = F4FC68F31ECC552800854DA1 /* MOODLECourseSectionItemTableViewCell.m */; };
/* End PBXBuildFile section */

/* Begin PBXFileReference section */
		F400061E1ECE236800FB1F60 /* MOODLEXMLParser.h */ = {isa = PBXFileReference; fileEncoding = 4; lastKnownFileType = sourcecode.c.h; path = MOODLEXMLParser.h; sourceTree = "<group>"; };
		F400061F1ECE236800FB1F60 /* MOODLEXMLParser.m */ = {isa = PBXFileReference; fileEncoding = 4; lastKnownFileType = sourcecode.c.objc; path = MOODLEXMLParser.m; sourceTree = "<group>"; };
		F40518421EDAE506008B3BF7 /* MOODLETableViewRowAction.h */ = {isa = PBXFileReference; fileEncoding = 4; lastKnownFileType = sourcecode.c.h; path = MOODLETableViewRowAction.h; sourceTree = "<group>"; };
		F40518431EDAE506008B3BF7 /* MOODLETableViewRowAction.m */ = {isa = PBXFileReference; fileEncoding = 4; lastKnownFileType = sourcecode.c.objc; path = MOODLETableViewRowAction.m; sourceTree = "<group>"; };
		F40518451EDB04AE008B3BF7 /* MOODLESettingsViewController.h */ = {isa = PBXFileReference; fileEncoding = 4; lastKnownFileType = sourcecode.c.h; path = MOODLESettingsViewController.h; sourceTree = "<group>"; };
		F40518461EDB04AE008B3BF7 /* MOODLESettingsViewController.m */ = {isa = PBXFileReference; fileEncoding = 4; lastKnownFileType = sourcecode.c.objc; path = MOODLESettingsViewController.m; sourceTree = "<group>"; };
		F40D0D151F124CF200A98A0D /* UIView+Autolayout.h */ = {isa = PBXFileReference; fileEncoding = 4; lastKnownFileType = sourcecode.c.h; path = "UIView+Autolayout.h"; sourceTree = "<group>"; };
		F40D0D161F124CF200A98A0D /* UIView+Autolayout.m */ = {isa = PBXFileReference; fileEncoding = 4; lastKnownFileType = sourcecode.c.objc; path = "UIView+Autolayout.m"; sourceTree = "<group>"; };
		F42860C61ED0444800D498EC /* NSURLSession+SynchronuosTask.h */ = {isa = PBXFileReference; fileEncoding = 4; lastKnownFileType = sourcecode.c.h; path = "NSURLSession+SynchronuosTask.h"; sourceTree = "<group>"; };
		F42860C71ED0444800D498EC /* NSURLSession+SynchronuosTask.m */ = {isa = PBXFileReference; fileEncoding = 4; lastKnownFileType = sourcecode.c.objc; path = "NSURLSession+SynchronuosTask.m"; sourceTree = "<group>"; };
		F42860CF1ED0DC0B00D498EC /* MOODLESearchItemDetailViewController.h */ = {isa = PBXFileReference; fileEncoding = 4; lastKnownFileType = sourcecode.c.h; path = MOODLESearchItemDetailViewController.h; sourceTree = "<group>"; };
		F42860D01ED0DC0B00D498EC /* MOODLESearchItemDetailViewController.m */ = {isa = PBXFileReference; fileEncoding = 4; lastKnownFileType = sourcecode.c.objc; path = MOODLESearchItemDetailViewController.m; sourceTree = "<group>"; };
		F42860D21ED1EFB000D498EC /* MOODLESearchResultTableViewCell.h */ = {isa = PBXFileReference; fileEncoding = 4; lastKnownFileType = sourcecode.c.h; path = MOODLESearchResultTableViewCell.h; sourceTree = "<group>"; };
		F42860D31ED1EFB000D498EC /* MOODLESearchResultTableViewCell.m */ = {isa = PBXFileReference; fileEncoding = 4; lastKnownFileType = sourcecode.c.objc; path = MOODLESearchResultTableViewCell.m; sourceTree = "<group>"; };
		F43143CF1F0FE96E00B07352 /* MOODLEChat.h */ = {isa = PBXFileReference; fileEncoding = 4; lastKnownFileType = sourcecode.c.h; path = MOODLEChat.h; sourceTree = "<group>"; };
		F43143D01F0FE96E00B07352 /* MOODLEChat.m */ = {isa = PBXFileReference; fileEncoding = 4; lastKnownFileType = sourcecode.c.objc; path = MOODLEChat.m; sourceTree = "<group>"; };
		F43143D31F10082900B07352 /* MOODLEMessagesViewController.h */ = {isa = PBXFileReference; fileEncoding = 4; lastKnownFileType = sourcecode.c.h; path = MOODLEMessagesViewController.h; sourceTree = "<group>"; };
		F43143D41F10082900B07352 /* MOODLEMessagesViewController.m */ = {isa = PBXFileReference; fileEncoding = 4; lastKnownFileType = sourcecode.c.objc; path = MOODLEMessagesViewController.m; sourceTree = "<group>"; };
		F43143D71F1015CA00B07352 /* MOODLEChatItemTableViewCell.h */ = {isa = PBXFileReference; fileEncoding = 4; lastKnownFileType = sourcecode.c.h; path = MOODLEChatItemTableViewCell.h; sourceTree = "<group>"; };
		F43143D81F1015CA00B07352 /* MOODLEChatItemTableViewCell.m */ = {isa = PBXFileReference; fileEncoding = 4; lastKnownFileType = sourcecode.c.objc; path = MOODLEChatItemTableViewCell.m; sourceTree = "<group>"; };
		F43144001F103AE300B07352 /* MOODLEChatMessageTableViewCell.h */ = {isa = PBXFileReference; fileEncoding = 4; lastKnownFileType = sourcecode.c.h; path = MOODLEChatMessageTableViewCell.h; sourceTree = "<group>"; };
		F43144011F103AE300B07352 /* MOODLEChatMessageTableViewCell.m */ = {isa = PBXFileReference; fileEncoding = 4; lastKnownFileType = sourcecode.c.objc; path = MOODLEChatMessageTableViewCell.m; sourceTree = "<group>"; };
		F43144031F103B1700B07352 /* SGBubbleView.h */ = {isa = PBXFileReference; fileEncoding = 4; lastKnownFileType = sourcecode.c.h; path = SGBubbleView.h; sourceTree = "<group>"; };
		F43144041F103B1700B07352 /* SGBubbleView.m */ = {isa = PBXFileReference; fileEncoding = 4; lastKnownFileType = sourcecode.c.objc; path = SGBubbleView.m; sourceTree = "<group>"; };
		F43144061F1048FD00B07352 /* MOODLEChatMessage.h */ = {isa = PBXFileReference; fileEncoding = 4; lastKnownFileType = sourcecode.c.h; path = MOODLEChatMessage.h; sourceTree = "<group>"; };
		F43144071F1048FD00B07352 /* MOODLEChatMessage.m */ = {isa = PBXFileReference; fileEncoding = 4; lastKnownFileType = sourcecode.c.objc; path = MOODLEChatMessage.m; sourceTree = "<group>"; };
		F43144091F1056F600B07352 /* MOODLEChatItemViewController.h */ = {isa = PBXFileReference; fileEncoding = 4; lastKnownFileType = sourcecode.c.h; path = MOODLEChatItemViewController.h; sourceTree = "<group>"; };
		F431440A1F1056F600B07352 /* MOODLEChatItemViewController.m */ = {isa = PBXFileReference; fileEncoding = 4; lastKnownFileType = sourcecode.c.objc; path = MOODLEChatItemViewController.m; sourceTree = "<group>"; };
		F4327CE11EEAFFE400AA4A7B /* MOODLELinguisticListFormatter.h */ = {isa = PBXFileReference; fileEncoding = 4; lastKnownFileType = sourcecode.c.h; path = MOODLELinguisticListFormatter.h; sourceTree = "<group>"; };
		F4327CE21EEAFFE400AA4A7B /* MOODLELinguisticListFormatter.m */ = {isa = PBXFileReference; fileEncoding = 4; lastKnownFileType = sourcecode.c.objc; path = MOODLELinguisticListFormatter.m; sourceTree = "<group>"; };
		F43852901EC90AEC005BC780 /* MOODLECourseSectionTableViewCell.h */ = {isa = PBXFileReference; fileEncoding = 4; lastKnownFileType = sourcecode.c.h; path = MOODLECourseSectionTableViewCell.h; sourceTree = "<group>"; };
		F43852911EC90AEC005BC780 /* MOODLECourseSectionTableViewCell.m */ = {isa = PBXFileReference; fileEncoding = 4; lastKnownFileType = sourcecode.c.objc; path = MOODLECourseSectionTableViewCell.m; sourceTree = "<group>"; };
		F43852941EC922D7005BC780 /* MOODLECourseSectionItem.h */ = {isa = PBXFileReference; fileEncoding = 4; lastKnownFileType = sourcecode.c.h; path = MOODLECourseSectionItem.h; sourceTree = "<group>"; };
		F43852951EC922D7005BC780 /* MOODLECourseSectionItem.m */ = {isa = PBXFileReference; fileEncoding = 4; lastKnownFileType = sourcecode.c.objc; path = MOODLECourseSectionItem.m; sourceTree = "<group>"; };
		F43852971EC93A7E005BC780 /* MOODLECourseSectionDetailViewController.h */ = {isa = PBXFileReference; fileEncoding = 4; lastKnownFileType = sourcecode.c.h; path = MOODLECourseSectionDetailViewController.h; sourceTree = "<group>"; };
		F43852981EC93A7E005BC780 /* MOODLECourseSectionDetailViewController.m */ = {isa = PBXFileReference; fileEncoding = 4; lastKnownFileType = sourcecode.c.objc; path = MOODLECourseSectionDetailViewController.m; sourceTree = "<group>"; };
		F43D50271EE17A4200BF534E /* MOODLEProgressViewController.h */ = {isa = PBXFileReference; fileEncoding = 4; lastKnownFileType = sourcecode.c.h; path = MOODLEProgressViewController.h; sourceTree = "<group>"; };
		F43D50281EE17A4200BF534E /* MOODLEProgressViewController.m */ = {isa = PBXFileReference; fileEncoding = 4; lastKnownFileType = sourcecode.c.objc; path = MOODLEProgressViewController.m; sourceTree = "<group>"; };
		F440C7C71F07C99F000ABE37 /* MOODLEForumPostTableViewCell.h */ = {isa = PBXFileReference; fileEncoding = 4; lastKnownFileType = sourcecode.c.h; path = MOODLEForumPostTableViewCell.h; sourceTree = "<group>"; };
		F440C7C81F07C99F000ABE37 /* MOODLEForumPostTableViewCell.m */ = {isa = PBXFileReference; fileEncoding = 4; lastKnownFileType = sourcecode.c.objc; path = MOODLEForumPostTableViewCell.m; sourceTree = "<group>"; };
		F451B6161EE59E9D00BE056E /* UIColor+Moodle.h */ = {isa = PBXFileReference; fileEncoding = 4; lastKnownFileType = sourcecode.c.h; path = "UIColor+Moodle.h"; sourceTree = "<group>"; };
		F451B6171EE59E9D00BE056E /* UIColor+Moodle.m */ = {isa = PBXFileReference; fileEncoding = 4; lastKnownFileType = sourcecode.c.objc; path = "UIColor+Moodle.m"; sourceTree = "<group>"; };
		F45778A01EE78E8D0000B130 /* HUProgressIndicator.h */ = {isa = PBXFileReference; fileEncoding = 4; lastKnownFileType = sourcecode.c.h; path = HUProgressIndicator.h; sourceTree = "<group>"; };
		F45778A11EE78E8D0000B130 /* HUProgressIndicator.m */ = {isa = PBXFileReference; fileEncoding = 4; lastKnownFileType = sourcecode.c.objc; path = HUProgressIndicator.m; sourceTree = "<group>"; };
		F45778A21EE78E8D0000B130 /* bezierdata_w80_h80.archive */ = {isa = PBXFileReference; lastKnownFileType = file.bplist; path = bezierdata_w80_h80.archive; sourceTree = "<group>"; };
		F45778A31EE78E8D0000B130 /* bezierdata_w120_h120.archive */ = {isa = PBXFileReference; lastKnownFileType = file.bplist; path = bezierdata_w120_h120.archive; sourceTree = "<group>"; };
		F45DE6741ED1FEDD0077BC61 /* MOODLECommentTableViewCell.h */ = {isa = PBXFileReference; fileEncoding = 4; lastKnownFileType = sourcecode.c.h; path = MOODLECommentTableViewCell.h; sourceTree = "<group>"; };
		F45DE6751ED1FEDD0077BC61 /* MOODLECommentTableViewCell.m */ = {isa = PBXFileReference; fileEncoding = 4; lastKnownFileType = sourcecode.c.objc; path = MOODLECommentTableViewCell.m; sourceTree = "<group>"; };
		F45ED3671F0A65540086CEED /* MOODLEForumThreadTableViewCell.h */ = {isa = PBXFileReference; fileEncoding = 4; lastKnownFileType = sourcecode.c.h; path = MOODLEForumThreadTableViewCell.h; sourceTree = "<group>"; };
		F45ED3681F0A65540086CEED /* MOODLEForumThreadTableViewCell.m */ = {isa = PBXFileReference; fileEncoding = 4; lastKnownFileType = sourcecode.c.objc; path = MOODLEForumThreadTableViewCell.m; sourceTree = "<group>"; };
		F46690471EE1FED500748E8C /* en */ = {isa = PBXFileReference; lastKnownFileType = text.plist.strings; name = en; path = en.lproj/Localizable.strings; sourceTree = "<group>"; };
		F46690481EE1FED500748E8C /* de */ = {isa = PBXFileReference; lastKnownFileType = text.plist.strings; name = de; path = de.lproj/Localizable.strings; sourceTree = "<group>"; };
		F46690491EE1FED500748E8C /* Base */ = {isa = PBXFileReference; lastKnownFileType = text.plist.strings; name = Base; path = Base.lproj/Localizable.strings; sourceTree = "<group>"; };
		F46690501EE205D000748E8C /* en */ = {isa = PBXFileReference; lastKnownFileType = text.plist.strings; name = en; path = en.lproj/LaunchScreen.strings; sourceTree = "<group>"; };
		F46690511EE205D300748E8C /* de */ = {isa = PBXFileReference; lastKnownFileType = text.plist.strings; name = de; path = de.lproj/LaunchScreen.strings; sourceTree = "<group>"; };
		F46690521EE205E200748E8C /* en */ = {isa = PBXFileReference; lastKnownFileType = text.plist.strings; name = en; path = en.lproj/Main.strings; sourceTree = "<group>"; };
		F46690531EE205EC00748E8C /* de */ = {isa = PBXFileReference; lastKnownFileType = text.plist.strings; name = de; path = de.lproj/Main.strings; sourceTree = "<group>"; };
		F46AA5CF1F0564D00072F05C /* MOODLEForum.h */ = {isa = PBXFileReference; fileEncoding = 4; lastKnownFileType = sourcecode.c.h; path = MOODLEForum.h; sourceTree = "<group>"; };
		F46AA5D01F0564D00072F05C /* MOODLEForum.m */ = {isa = PBXFileReference; fileEncoding = 4; lastKnownFileType = sourcecode.c.objc; path = MOODLEForum.m; sourceTree = "<group>"; };
		F46AA5D21F056BAE0072F05C /* MOODLEPersistentStoreCoordinator.h */ = {isa = PBXFileReference; fileEncoding = 4; lastKnownFileType = sourcecode.c.h; path = MOODLEPersistentStoreCoordinator.h; sourceTree = "<group>"; };
		F46AA5D31F056BAE0072F05C /* MOODLEPersistentStoreCoordinator.m */ = {isa = PBXFileReference; fileEncoding = 4; lastKnownFileType = sourcecode.c.objc; path = MOODLEPersistentStoreCoordinator.m; sourceTree = "<group>"; };
		F46AA5D51F058E120072F05C /* MOODLEForumEntry.h */ = {isa = PBXFileReference; fileEncoding = 4; lastKnownFileType = sourcecode.c.h; path = MOODLEForumEntry.h; sourceTree = "<group>"; };
		F46AA5D61F058E120072F05C /* MOODLEForumEntry.m */ = {isa = PBXFileReference; fileEncoding = 4; lastKnownFileType = sourcecode.c.objc; path = MOODLEForumEntry.m; sourceTree = "<group>"; };
		F46AA5D81F05958E0072F05C /* MOODLEForumViewController.h */ = {isa = PBXFileReference; fileEncoding = 4; lastKnownFileType = sourcecode.c.h; path = MOODLEForumViewController.h; sourceTree = "<group>"; };
		F46AA5D91F05958E0072F05C /* MOODLEForumViewController.m */ = {isa = PBXFileReference; fileEncoding = 4; lastKnownFileType = sourcecode.c.objc; path = MOODLEForumViewController.m; sourceTree = "<group>"; };
		F46BE0391EC9E9B60060F934 /* MOODLEDocumentViewController.h */ = {isa = PBXFileReference; fileEncoding = 4; lastKnownFileType = sourcecode.c.h; name = MOODLEDocumentViewController.h; path = "Course Table View Controller/MOODLEDocumentViewController.h"; sourceTree = "<group>"; };
		F46BE03A1EC9E9B60060F934 /* MOODLEDocumentViewController.m */ = {isa = PBXFileReference; fileEncoding = 4; lastKnownFileType = sourcecode.c.objc; name = MOODLEDocumentViewController.m; path = "Course Table View Controller/MOODLEDocumentViewController.m"; sourceTree = "<group>"; };
		F46D48101EF146BA00634C89 /* MOODLERessourceCoordinator.h */ = {isa = PBXFileReference; fileEncoding = 4; lastKnownFileType = sourcecode.c.h; path = MOODLERessourceCoordinator.h; sourceTree = "<group>"; };
		F46D48111EF146BA00634C89 /* MOODLERessourceCoordinator.m */ = {isa = PBXFileReference; fileEncoding = 4; lastKnownFileType = sourcecode.c.objc; path = MOODLERessourceCoordinator.m; sourceTree = "<group>"; };
		F46D48161EF1C86400634C89 /* MOODLEDocumentsTableViewController.h */ = {isa = PBXFileReference; fileEncoding = 4; lastKnownFileType = sourcecode.c.h; path = MOODLEDocumentsTableViewController.h; sourceTree = "<group>"; };
		F46D48171EF1C86400634C89 /* MOODLEDocumentsTableViewController.m */ = {isa = PBXFileReference; fileEncoding = 4; lastKnownFileType = sourcecode.c.objc; path = MOODLEDocumentsTableViewController.m; sourceTree = "<group>"; };
		F47F4F051EE4D7480047B330 /* SGLabeledSwitch.m */ = {isa = PBXFileReference; fileEncoding = 4; lastKnownFileType = sourcecode.c.objc; name = SGLabeledSwitch.m; path = "Custom Controlls/SGLabeledSwitch.m"; sourceTree = "<group>"; };
		F47F4F061EE4D7480047B330 /* SGLabeledSwitch.h */ = {isa = PBXFileReference; fileEncoding = 4; lastKnownFileType = sourcecode.c.h; name = SGLabeledSwitch.h; path = "Custom Controlls/SGLabeledSwitch.h"; sourceTree = "<group>"; };
		F48FF8621ECEEE7100E9BFC8 /* Moodle.entitlements */ = {isa = PBXFileReference; lastKnownFileType = text.plist.entitlements; path = Moodle.entitlements; sourceTree = "<group>"; };
		F4913BA51EF2ACBD000DCFC5 /* SGAccessibleSlider.h */ = {isa = PBXFileReference; fileEncoding = 4; lastKnownFileType = sourcecode.c.h; name = SGAccessibleSlider.h; path = "Custom Controlls/SGAccessibleSlider.h"; sourceTree = "<group>"; };
		F4913BA61EF2ACBD000DCFC5 /* SGAccessibleSlider.m */ = {isa = PBXFileReference; fileEncoding = 4; lastKnownFileType = sourcecode.c.objc; name = SGAccessibleSlider.m; path = "Custom Controlls/SGAccessibleSlider.m"; sourceTree = "<group>"; };
		F4AB59B01F05B470007670E5 /* MOODLEForumEntryViewController.h */ = {isa = PBXFileReference; fileEncoding = 4; lastKnownFileType = sourcecode.c.h; path = MOODLEForumEntryViewController.h; sourceTree = "<group>"; };
		F4AB59B11F05B470007670E5 /* MOODLEForumEntryViewController.m */ = {isa = PBXFileReference; fileEncoding = 4; lastKnownFileType = sourcecode.c.objc; path = MOODLEForumEntryViewController.m; sourceTree = "<group>"; };
		F4AB59B31F05B645007670E5 /* MOODLEForumPost.h */ = {isa = PBXFileReference; fileEncoding = 4; lastKnownFileType = sourcecode.c.h; path = MOODLEForumPost.h; sourceTree = "<group>"; };
		F4AB59B41F05B645007670E5 /* MOODLEForumPost.m */ = {isa = PBXFileReference; fileEncoding = 4; lastKnownFileType = sourcecode.c.objc; path = MOODLEForumPost.m; sourceTree = "<group>"; };
		F4C841621EE8437800B0EEC5 /* MOODLEActivityView.h */ = {isa = PBXFileReference; fileEncoding = 4; lastKnownFileType = sourcecode.c.h; path = MOODLEActivityView.h; sourceTree = "<group>"; };
		F4C841631EE8437800B0EEC5 /* MOODLEActivityView.m */ = {isa = PBXFileReference; fileEncoding = 4; lastKnownFileType = sourcecode.c.objc; path = MOODLEActivityView.m; sourceTree = "<group>"; };
		F4D198831EE2C8F400BF64F2 /* AccessibilityCoordinator.h */ = {isa = PBXFileReference; fileEncoding = 4; lastKnownFileType = sourcecode.c.h; path = AccessibilityCoordinator.h; sourceTree = "<group>"; };
		F4D198841EE2C8F400BF64F2 /* AccessibilityCoordinator.m */ = {isa = PBXFileReference; fileEncoding = 4; lastKnownFileType = sourcecode.c.objc; path = AccessibilityCoordinator.m; sourceTree = "<group>"; };
		F4D49AAC1EC70B8000CA1193 /* Moodle.app */ = {isa = PBXFileReference; explicitFileType = wrapper.application; includeInIndex = 0; path = Moodle.app; sourceTree = BUILT_PRODUCTS_DIR; };
		F4D49AB01EC70B8000CA1193 /* main.m */ = {isa = PBXFileReference; lastKnownFileType = sourcecode.c.objc; path = main.m; sourceTree = "<group>"; };
		F4D49AB21EC70B8000CA1193 /* AppDelegate.h */ = {isa = PBXFileReference; fileEncoding = 4; lastKnownFileType = sourcecode.c.h; path = AppDelegate.h; sourceTree = "<group>"; };
		F4D49AB31EC70B8000CA1193 /* AppDelegate.m */ = {isa = PBXFileReference; fileEncoding = 4; lastKnownFileType = sourcecode.c.objc; path = AppDelegate.m; sourceTree = "<group>"; };
		F4D49AB91EC70B8000CA1193 /* Base */ = {isa = PBXFileReference; lastKnownFileType = file.storyboard; name = Base; path = Base.lproj/Main.storyboard; sourceTree = "<group>"; };
		F4D49ABB1EC70B8000CA1193 /* Assets.xcassets */ = {isa = PBXFileReference; lastKnownFileType = folder.assetcatalog; path = Assets.xcassets; sourceTree = "<group>"; };
		F4D49ABE1EC70B8000CA1193 /* Base */ = {isa = PBXFileReference; lastKnownFileType = file.storyboard; name = Base; path = Base.lproj/LaunchScreen.storyboard; sourceTree = "<group>"; };
		F4D49AC01EC70B8000CA1193 /* Info.plist */ = {isa = PBXFileReference; lastKnownFileType = text.plist.xml; path = Info.plist; sourceTree = "<group>"; };
		F4D49AC61EC71A9800CA1193 /* MOODLELoginViewController.h */ = {isa = PBXFileReference; fileEncoding = 4; lastKnownFileType = sourcecode.c.h; path = MOODLELoginViewController.h; sourceTree = "<group>"; };
		F4D49AC71EC71A9800CA1193 /* MOODLELoginViewController.m */ = {isa = PBXFileReference; fileEncoding = 4; lastKnownFileType = sourcecode.c.objc; path = MOODLELoginViewController.m; sourceTree = "<group>"; };
		F4D49AC91EC770E700CA1193 /* NSURLRequest+Moodle.h */ = {isa = PBXFileReference; fileEncoding = 4; lastKnownFileType = sourcecode.c.h; path = "NSURLRequest+Moodle.h"; sourceTree = "<group>"; };
		F4D49ACA1EC770E700CA1193 /* NSURLRequest+Moodle.m */ = {isa = PBXFileReference; fileEncoding = 4; lastKnownFileType = sourcecode.c.objc; path = "NSURLRequest+Moodle.m"; sourceTree = "<group>"; };
		F4D49ACC1EC7761200CA1193 /* MOODLECourseViewController.h */ = {isa = PBXFileReference; fileEncoding = 4; lastKnownFileType = sourcecode.c.h; path = MOODLECourseViewController.h; sourceTree = "<group>"; };
		F4D49ACD1EC7761200CA1193 /* MOODLECourseViewController.m */ = {isa = PBXFileReference; fileEncoding = 4; lastKnownFileType = sourcecode.c.objc; path = MOODLECourseViewController.m; sourceTree = "<group>"; };
		F4D49AD01EC790BE00CA1193 /* TFHpple.h */ = {isa = PBXFileReference; fileEncoding = 4; lastKnownFileType = sourcecode.c.h; path = TFHpple.h; sourceTree = "<group>"; };
		F4D49AD11EC790BE00CA1193 /* TFHpple.m */ = {isa = PBXFileReference; fileEncoding = 4; lastKnownFileType = sourcecode.c.objc; path = TFHpple.m; sourceTree = "<group>"; };
		F4D49AD21EC790BE00CA1193 /* TFHppleElement.h */ = {isa = PBXFileReference; fileEncoding = 4; lastKnownFileType = sourcecode.c.h; path = TFHppleElement.h; sourceTree = "<group>"; };
		F4D49AD31EC790BE00CA1193 /* TFHppleElement.m */ = {isa = PBXFileReference; fileEncoding = 4; lastKnownFileType = sourcecode.c.objc; path = TFHppleElement.m; sourceTree = "<group>"; };
		F4D49AD41EC790BE00CA1193 /* XPathQuery.h */ = {isa = PBXFileReference; fileEncoding = 4; lastKnownFileType = sourcecode.c.h; path = XPathQuery.h; sourceTree = "<group>"; };
		F4D49AD51EC790BE00CA1193 /* XPathQuery.m */ = {isa = PBXFileReference; fileEncoding = 4; lastKnownFileType = sourcecode.c.objc; path = XPathQuery.m; sourceTree = "<group>"; };
		F4D49ADA1EC859DE00CA1193 /* libxml2.tbd */ = {isa = PBXFileReference; lastKnownFileType = "sourcecode.text-based-dylib-definition"; name = libxml2.tbd; path = usr/lib/libxml2.tbd; sourceTree = SDKROOT; };
		F4D49ADC1EC85C4400CA1193 /* MOODLECourse.h */ = {isa = PBXFileReference; fileEncoding = 4; lastKnownFileType = sourcecode.c.h; path = MOODLECourse.h; sourceTree = "<group>"; };
		F4D49ADD1EC85C4400CA1193 /* MOODLECourse.m */ = {isa = PBXFileReference; fileEncoding = 4; lastKnownFileType = sourcecode.c.objc; path = MOODLECourse.m; sourceTree = "<group>"; };
		F4D49AE01EC85F3000CA1193 /* MOODLEDataModel.h */ = {isa = PBXFileReference; fileEncoding = 4; lastKnownFileType = sourcecode.c.h; path = MOODLEDataModel.h; sourceTree = "<group>"; };
		F4D49AE11EC85F3000CA1193 /* MOODLEDataModel.m */ = {isa = PBXFileReference; fileEncoding = 4; lastKnownFileType = sourcecode.c.objc; path = MOODLEDataModel.m; sourceTree = "<group>"; };
		F4D49AE31EC88F1300CA1193 /* KeychainWrapper.h */ = {isa = PBXFileReference; fileEncoding = 4; lastKnownFileType = sourcecode.c.h; path = KeychainWrapper.h; sourceTree = "<group>"; };
		F4D49AE41EC88F1300CA1193 /* KeychainWrapper.m */ = {isa = PBXFileReference; fileEncoding = 4; lastKnownFileType = sourcecode.c.objc; path = KeychainWrapper.m; sourceTree = "<group>"; };
		F4D49AE71EC8AF1300CA1193 /* MOODLECourseSection.h */ = {isa = PBXFileReference; fileEncoding = 4; lastKnownFileType = sourcecode.c.h; path = MOODLECourseSection.h; sourceTree = "<group>"; };
		F4D49AE81EC8AF1300CA1193 /* MOODLECourseSection.m */ = {isa = PBXFileReference; fileEncoding = 4; lastKnownFileType = sourcecode.c.objc; path = MOODLECourseSection.m; sourceTree = "<group>"; };
		F4D49AEC1EC8B07E00CA1193 /* MOODLECourseTableViewCell.h */ = {isa = PBXFileReference; fileEncoding = 4; lastKnownFileType = sourcecode.c.h; path = MOODLECourseTableViewCell.h; sourceTree = "<group>"; };
		F4D49AED1EC8B07E00CA1193 /* MOODLECourseTableViewCell.m */ = {isa = PBXFileReference; fileEncoding = 4; lastKnownFileType = sourcecode.c.objc; path = MOODLECourseTableViewCell.m; sourceTree = "<group>"; };
		F4D49AF01EC8B16600CA1193 /* MOODLECourseDetailViewController.h */ = {isa = PBXFileReference; fileEncoding = 4; lastKnownFileType = sourcecode.c.h; path = MOODLECourseDetailViewController.h; sourceTree = "<group>"; };
		F4D49AF11EC8B16600CA1193 /* MOODLECourseDetailViewController.m */ = {isa = PBXFileReference; fileEncoding = 4; lastKnownFileType = sourcecode.c.objc; path = MOODLECourseDetailViewController.m; sourceTree = "<group>"; };
		F4D49AF31EC8C12D00CA1193 /* MOODLECourseSearchViewController.h */ = {isa = PBXFileReference; fileEncoding = 4; lastKnownFileType = sourcecode.c.h; path = MOODLECourseSearchViewController.h; sourceTree = "<group>"; };
		F4D49AF41EC8C12D00CA1193 /* MOODLECourseSearchViewController.m */ = {isa = PBXFileReference; fileEncoding = 4; lastKnownFileType = sourcecode.c.objc; path = MOODLECourseSearchViewController.m; sourceTree = "<group>"; };
		F4D49AF61EC8C17E00CA1193 /* MOODLETabBarController.h */ = {isa = PBXFileReference; fileEncoding = 4; lastKnownFileType = sourcecode.c.h; path = MOODLETabBarController.h; sourceTree = "<group>"; };
		F4D49AF71EC8C17E00CA1193 /* MOODLETabBarController.m */ = {isa = PBXFileReference; fileEncoding = 4; lastKnownFileType = sourcecode.c.objc; path = MOODLETabBarController.m; sourceTree = "<group>"; };
		F4DBA3531F05185C00922921 /* MOODLEUser.h */ = {isa = PBXFileReference; fileEncoding = 4; lastKnownFileType = sourcecode.c.h; path = MOODLEUser.h; sourceTree = "<group>"; };
		F4DBA3541F05185C00922921 /* MOODLEUser.m */ = {isa = PBXFileReference; fileEncoding = 4; lastKnownFileType = sourcecode.c.objc; path = MOODLEUser.m; sourceTree = "<group>"; };
		F4E2DF891ED25C9F003B4650 /* Moodle.profdata */ = {isa = PBXFileReference; lastKnownFileType = file; path = Moodle.profdata; sourceTree = "<group>"; };
		F4FC68F21ECC552800854DA1 /* MOODLECourseSectionItemTableViewCell.h */ = {isa = PBXFileReference; fileEncoding = 4; lastKnownFileType = sourcecode.c.h; path = MOODLECourseSectionItemTableViewCell.h; sourceTree = "<group>"; };
		F4FC68F31ECC552800854DA1 /* MOODLECourseSectionItemTableViewCell.m */ = {isa = PBXFileReference; fileEncoding = 4; lastKnownFileType = sourcecode.c.objc; path = MOODLECourseSectionItemTableViewCell.m; sourceTree = "<group>"; };
/* End PBXFileReference section */

/* Begin PBXFrameworksBuildPhase section */
		F4D49AA91EC70B8000CA1193 /* Frameworks */ = {
			isa = PBXFrameworksBuildPhase;
			buildActionMask = 2147483647;
			files = (
				F4D49ADB1EC859DE00CA1193 /* libxml2.tbd in Frameworks */,
			);
			runOnlyForDeploymentPostprocessing = 0;
		};
/* End PBXFrameworksBuildPhase section */

/* Begin PBXGroup section */
		F40006211ECE237000FB1F60 /* Worker */ = {
			isa = PBXGroup;
			children = (
				F400061E1ECE236800FB1F60 /* MOODLEXMLParser.h */,
				F400061F1ECE236800FB1F60 /* MOODLEXMLParser.m */,
				F46D48101EF146BA00634C89 /* MOODLERessourceCoordinator.h */,
				F46D48111EF146BA00634C89 /* MOODLERessourceCoordinator.m */,
				F46AA5D21F056BAE0072F05C /* MOODLEPersistentStoreCoordinator.h */,
				F46AA5D31F056BAE0072F05C /* MOODLEPersistentStoreCoordinator.m */,
			);
			name = Worker;
			path = ../Worker;
			sourceTree = "<group>";
		};
		F42860C91ED0842900D498EC /* Course Table View Controller */ = {
			isa = PBXGroup;
			children = (
				F4D49ACC1EC7761200CA1193 /* MOODLECourseViewController.h */,
				F4D49ACD1EC7761200CA1193 /* MOODLECourseViewController.m */,
				F4D49AF01EC8B16600CA1193 /* MOODLECourseDetailViewController.h */,
				F4D49AF11EC8B16600CA1193 /* MOODLECourseDetailViewController.m */,
				F43852971EC93A7E005BC780 /* MOODLECourseSectionDetailViewController.h */,
				F43852981EC93A7E005BC780 /* MOODLECourseSectionDetailViewController.m */,
				F42860CA1ED0843E00D498EC /* Search View Controller */,
				F43143CB1F0FE90000B07352 /* Forum View Controller */,
			);
			path = "Course Table View Controller";
			sourceTree = "<group>";
		};
		F42860CA1ED0843E00D498EC /* Search View Controller */ = {
			isa = PBXGroup;
			children = (
				F4D49AF31EC8C12D00CA1193 /* MOODLECourseSearchViewController.h */,
				F4D49AF41EC8C12D00CA1193 /* MOODLECourseSearchViewController.m */,
				F42860CF1ED0DC0B00D498EC /* MOODLESearchItemDetailViewController.h */,
				F42860D01ED0DC0B00D498EC /* MOODLESearchItemDetailViewController.m */,
			);
			name = "Search View Controller";
			path = "../Search View Controller";
			sourceTree = "<group>";
		};
		F42860CE1ED0DA4D00D498EC /* Navigation Controller */ = {
			isa = PBXGroup;
			children = (
				F4D49AF61EC8C17E00CA1193 /* MOODLETabBarController.h */,
				F4D49AF71EC8C17E00CA1193 /* MOODLETabBarController.m */,
			);
			path = "Navigation Controller";
			sourceTree = "<group>";
		};
		F43143CB1F0FE90000B07352 /* Forum View Controller */ = {
			isa = PBXGroup;
			children = (
				F46AA5D81F05958E0072F05C /* MOODLEForumViewController.h */,
				F46AA5D91F05958E0072F05C /* MOODLEForumViewController.m */,
				F4AB59B01F05B470007670E5 /* MOODLEForumEntryViewController.h */,
				F4AB59B11F05B470007670E5 /* MOODLEForumEntryViewController.m */,
			);
			name = "Forum View Controller";
			sourceTree = "<group>";
		};
		F43143CC1F0FE92100B07352 /* Forum Entities */ = {
			isa = PBXGroup;
			children = (
				F46AA5CF1F0564D00072F05C /* MOODLEForum.h */,
				F46AA5D01F0564D00072F05C /* MOODLEForum.m */,
				F46AA5D51F058E120072F05C /* MOODLEForumEntry.h */,
				F46AA5D61F058E120072F05C /* MOODLEForumEntry.m */,
				F4AB59B31F05B645007670E5 /* MOODLEForumPost.h */,
				F4AB59B41F05B645007670E5 /* MOODLEForumPost.m */,
			);
			name = "Forum Entities";
			sourceTree = "<group>";
		};
		F43143CD1F0FE92B00B07352 /* Course Entities */ = {
			isa = PBXGroup;
			children = (
				F4D49ADC1EC85C4400CA1193 /* MOODLECourse.h */,
				F4D49ADD1EC85C4400CA1193 /* MOODLECourse.m */,
				F4D49AE71EC8AF1300CA1193 /* MOODLECourseSection.h */,
				F4D49AE81EC8AF1300CA1193 /* MOODLECourseSection.m */,
				F43852941EC922D7005BC780 /* MOODLECourseSectionItem.h */,
				F43852951EC922D7005BC780 /* MOODLECourseSectionItem.m */,
			);
			name = "Course Entities";
			sourceTree = "<group>";
		};
		F43143CE1F0FE93800B07352 /* Chat Entities */ = {
			isa = PBXGroup;
			children = (
				F43143CF1F0FE96E00B07352 /* MOODLEChat.h */,
				F43143D01F0FE96E00B07352 /* MOODLEChat.m */,
				F43144061F1048FD00B07352 /* MOODLEChatMessage.h */,
				F43144071F1048FD00B07352 /* MOODLEChatMessage.m */,
			);
			name = "Chat Entities";
			sourceTree = "<group>";
		};
		F43143D21F1007E200B07352 /* Messages View Controller */ = {
			isa = PBXGroup;
			children = (
				F43143D31F10082900B07352 /* MOODLEMessagesViewController.h */,
				F43143D41F10082900B07352 /* MOODLEMessagesViewController.m */,
				F43144091F1056F600B07352 /* MOODLEChatItemViewController.h */,
				F431440A1F1056F600B07352 /* MOODLEChatItemViewController.m */,
			);
			name = "Messages View Controller";
			sourceTree = "<group>";
		};
		F43143D61F1015A700B07352 /* Messages */ = {
			isa = PBXGroup;
			children = (
				F43143D71F1015CA00B07352 /* MOODLEChatItemTableViewCell.h */,
				F43143D81F1015CA00B07352 /* MOODLEChatItemTableViewCell.m */,
				F43144001F103AE300B07352 /* MOODLEChatMessageTableViewCell.h */,
				F43144011F103AE300B07352 /* MOODLEChatMessageTableViewCell.m */,
			);
			name = Messages;
			sourceTree = "<group>";
		};
		F4372A3B1EDF70AE005A1427 /* Data Model */ = {
			isa = PBXGroup;
			children = (
				F4D49AE01EC85F3000CA1193 /* MOODLEDataModel.h */,
				F4D49AE11EC85F3000CA1193 /* MOODLEDataModel.m */,
				F40006211ECE237000FB1F60 /* Worker */,
				F4D49ADF1EC85EE600CA1193 /* Entities */,
			);
			path = "Data Model";
			sourceTree = "<group>";
		};
		F451B6191EE5A50900BE056E /* Accessibility */ = {
			isa = PBXGroup;
			children = (
				F4D198831EE2C8F400BF64F2 /* AccessibilityCoordinator.h */,
				F4D198841EE2C8F400BF64F2 /* AccessibilityCoordinator.m */,
				F4327CE11EEAFFE400AA4A7B /* MOODLELinguisticListFormatter.h */,
				F4327CE21EEAFFE400AA4A7B /* MOODLELinguisticListFormatter.m */,
			);
			path = Accessibility;
			sourceTree = "<group>";
		};
		F45ED36A1F0B12970086CEED /* Forum */ = {
			isa = PBXGroup;
			children = (
				F45ED3671F0A65540086CEED /* MOODLEForumThreadTableViewCell.h */,
				F45ED3681F0A65540086CEED /* MOODLEForumThreadTableViewCell.m */,
				F440C7C71F07C99F000ABE37 /* MOODLEForumPostTableViewCell.h */,
				F440C7C81F07C99F000ABE37 /* MOODLEForumPostTableViewCell.m */,
			);
			name = Forum;
			sourceTree = "<group>";
		};
		F45ED36B1F0B12AC0086CEED /* Course */ = {
			isa = PBXGroup;
			children = (
				F4D49AEC1EC8B07E00CA1193 /* MOODLECourseTableViewCell.h */,
				F4D49AED1EC8B07E00CA1193 /* MOODLECourseTableViewCell.m */,
				F43852901EC90AEC005BC780 /* MOODLECourseSectionTableViewCell.h */,
				F43852911EC90AEC005BC780 /* MOODLECourseSectionTableViewCell.m */,
				F4FC68F21ECC552800854DA1 /* MOODLECourseSectionItemTableViewCell.h */,
				F4FC68F31ECC552800854DA1 /* MOODLECourseSectionItemTableViewCell.m */,
				F45DE6741ED1FEDD0077BC61 /* MOODLECommentTableViewCell.h */,
				F45DE6751ED1FEDD0077BC61 /* MOODLECommentTableViewCell.m */,
			);
			name = Course;
			sourceTree = "<group>";
		};
		F45ED36C1F0B12B30086CEED /* Search */ = {
			isa = PBXGroup;
			children = (
				F42860D21ED1EFB000D498EC /* MOODLESearchResultTableViewCell.h */,
				F42860D31ED1EFB000D498EC /* MOODLESearchResultTableViewCell.m */,
			);
			name = Search;
			sourceTree = "<group>";
		};
		F47F4F011EE4D6D40047B330 /* Custom Controlls */ = {
			isa = PBXGroup;
			children = (
				F47F4F061EE4D7480047B330 /* SGLabeledSwitch.h */,
				F47F4F051EE4D7480047B330 /* SGLabeledSwitch.m */,
				F4913BA51EF2ACBD000DCFC5 /* SGAccessibleSlider.h */,
				F4913BA61EF2ACBD000DCFC5 /* SGAccessibleSlider.m */,
			);
			name = "Custom Controlls";
			sourceTree = "<group>";
		};
		F49623FA1EF35CA6005464F4 /* Documents View Controller */ = {
			isa = PBXGroup;
			children = (
				F46D48161EF1C86400634C89 /* MOODLEDocumentsTableViewController.h */,
				F46D48171EF1C86400634C89 /* MOODLEDocumentsTableViewController.m */,
			);
			name = "Documents View Controller";
			sourceTree = "<group>";
		};
		F4A81FB31EDCA8D100AEAB48 /* Table View */ = {
			isa = PBXGroup;
			children = (
				F40518421EDAE506008B3BF7 /* MOODLETableViewRowAction.h */,
				F40518431EDAE506008B3BF7 /* MOODLETableViewRowAction.m */,
				F4FC68F11ECC54CA00854DA1 /* Custom Cells */,
			);
			path = "Table View";
			sourceTree = "<group>";
		};
		F4C841611EE8435000B0EEC5 /* Custom Views */ = {
			isa = PBXGroup;
			children = (
				F45778A01EE78E8D0000B130 /* HUProgressIndicator.h */,
				F45778A11EE78E8D0000B130 /* HUProgressIndicator.m */,
				F4C841621EE8437800B0EEC5 /* MOODLEActivityView.h */,
				F4C841631EE8437800B0EEC5 /* MOODLEActivityView.m */,
				F43144031F103B1700B07352 /* SGBubbleView.h */,
				F43144041F103B1700B07352 /* SGBubbleView.m */,
			);
			path = "Custom Views";
			sourceTree = "<group>";
		};
		F4D49AA31EC70B8000CA1193 = {
			isa = PBXGroup;
			children = (
				F4D49AAE1EC70B8000CA1193 /* Moodle */,
				F4D49AAD1EC70B8000CA1193 /* Products */,
				F4D49AD91EC859DE00CA1193 /* Frameworks */,
				F4E2DF881ED25C9F003B4650 /* OptimizationProfiles */,
			);
			sourceTree = "<group>";
		};
		F4D49AAD1EC70B8000CA1193 /* Products */ = {
			isa = PBXGroup;
			children = (
				F4D49AAC1EC70B8000CA1193 /* Moodle.app */,
			);
			name = Products;
			sourceTree = "<group>";
		};
		F4D49AAE1EC70B8000CA1193 /* Moodle */ = {
			isa = PBXGroup;
			children = (
				F4D49AB21EC70B8000CA1193 /* AppDelegate.h */,
				F4D49AB31EC70B8000CA1193 /* AppDelegate.m */,
				F4D49AEF1EC8B14700CA1193 /* View Controller */,
				F4372A3B1EDF70AE005A1427 /* Data Model */,
				F4A81FB31EDCA8D100AEAB48 /* Table View */,
				F4D49AEA1EC8AFAE00CA1193 /* Categories */,
				F4C841611EE8435000B0EEC5 /* Custom Views */,
				F47F4F011EE4D6D40047B330 /* Custom Controlls */,
				F451B6191EE5A50900BE056E /* Accessibility */,
				F4D49AB81EC70B8000CA1193 /* Main.storyboard */,
				F4D49ABD1EC70B8000CA1193 /* LaunchScreen.storyboard */,
				F4D49ABB1EC70B8000CA1193 /* Assets.xcassets */,
				F48FF8621ECEEE7100E9BFC8 /* Moodle.entitlements */,
				F46690461EE1FED500748E8C /* Localizable.strings */,
				F4D49AC01EC70B8000CA1193 /* Info.plist */,
				F4D49AAF1EC70B8000CA1193 /* Supporting Files */,
				F4D49AE61EC88F1700CA1193 /* Keychain Wrapper */,
				F4D49ACF1EC790AD00CA1193 /* Hpple */,
			);
			path = Moodle;
			sourceTree = "<group>";
		};
		F4D49AAF1EC70B8000CA1193 /* Supporting Files */ = {
			isa = PBXGroup;
			children = (
				F45778A21EE78E8D0000B130 /* bezierdata_w80_h80.archive */,
				F45778A31EE78E8D0000B130 /* bezierdata_w120_h120.archive */,
				F4D49AB01EC70B8000CA1193 /* main.m */,
			);
			path = "Supporting Files";
			sourceTree = "<group>";
		};
		F4D49ACF1EC790AD00CA1193 /* Hpple */ = {
			isa = PBXGroup;
			children = (
				F4D49AD01EC790BE00CA1193 /* TFHpple.h */,
				F4D49AD11EC790BE00CA1193 /* TFHpple.m */,
				F4D49AD21EC790BE00CA1193 /* TFHppleElement.h */,
				F4D49AD31EC790BE00CA1193 /* TFHppleElement.m */,
				F4D49AD41EC790BE00CA1193 /* XPathQuery.h */,
				F4D49AD51EC790BE00CA1193 /* XPathQuery.m */,
			);
			path = Hpple;
			sourceTree = "<group>";
		};
		F4D49AD91EC859DE00CA1193 /* Frameworks */ = {
			isa = PBXGroup;
			children = (
				F4D49ADA1EC859DE00CA1193 /* libxml2.tbd */,
			);
			name = Frameworks;
			sourceTree = "<group>";
		};
		F4D49ADF1EC85EE600CA1193 /* Entities */ = {
			isa = PBXGroup;
			children = (
				F4DBA3521F05183D00922921 /* Unused Entities */,
				F43143CD1F0FE92B00B07352 /* Course Entities */,
				F43143CC1F0FE92100B07352 /* Forum Entities */,
				F43143CE1F0FE93800B07352 /* Chat Entities */,
			);
			path = Entities;
			sourceTree = "<group>";
		};
		F4D49AE61EC88F1700CA1193 /* Keychain Wrapper */ = {
			isa = PBXGroup;
			children = (
				F4D49AE31EC88F1300CA1193 /* KeychainWrapper.h */,
				F4D49AE41EC88F1300CA1193 /* KeychainWrapper.m */,
			);
			path = "Keychain Wrapper";
			sourceTree = "<group>";
		};
		F4D49AEA1EC8AFAE00CA1193 /* Categories */ = {
			isa = PBXGroup;
			children = (
				F4D49AC91EC770E700CA1193 /* NSURLRequest+Moodle.h */,
				F4D49ACA1EC770E700CA1193 /* NSURLRequest+Moodle.m */,
				F42860C61ED0444800D498EC /* NSURLSession+SynchronuosTask.h */,
				F42860C71ED0444800D498EC /* NSURLSession+SynchronuosTask.m */,
				F451B6161EE59E9D00BE056E /* UIColor+Moodle.h */,
				F451B6171EE59E9D00BE056E /* UIColor+Moodle.m */,
				F40D0D151F124CF200A98A0D /* UIView+Autolayout.h */,
				F40D0D161F124CF200A98A0D /* UIView+Autolayout.m */,
			);
			path = Categories;
			sourceTree = "<group>";
		};
		F4D49AEF1EC8B14700CA1193 /* View Controller */ = {
			isa = PBXGroup;
			children = (
				F4D49AC61EC71A9800CA1193 /* MOODLELoginViewController.h */,
				F4D49AC71EC71A9800CA1193 /* MOODLELoginViewController.m */,
				F43D50271EE17A4200BF534E /* MOODLEProgressViewController.h */,
				F43D50281EE17A4200BF534E /* MOODLEProgressViewController.m */,
				F46BE0391EC9E9B60060F934 /* MOODLEDocumentViewController.h */,
				F46BE03A1EC9E9B60060F934 /* MOODLEDocumentViewController.m */,
				F42860CE1ED0DA4D00D498EC /* Navigation Controller */,
				F42860C91ED0842900D498EC /* Course Table View Controller */,
				F43143D21F1007E200B07352 /* Messages View Controller */,
				F49623FA1EF35CA6005464F4 /* Documents View Controller */,
				F40518451EDB04AE008B3BF7 /* MOODLESettingsViewController.h */,
				F40518461EDB04AE008B3BF7 /* MOODLESettingsViewController.m */,
			);
			path = "View Controller";
			sourceTree = "<group>";
		};
		F4DBA3521F05183D00922921 /* Unused Entities */ = {
			isa = PBXGroup;
			children = (
				F4DBA3531F05185C00922921 /* MOODLEUser.h */,
				F4DBA3541F05185C00922921 /* MOODLEUser.m */,
			);
			name = "Unused Entities";
			sourceTree = "<group>";
		};
		F4E2DF881ED25C9F003B4650 /* OptimizationProfiles */ = {
			isa = PBXGroup;
			children = (
				F4E2DF891ED25C9F003B4650 /* Moodle.profdata */,
			);
			path = OptimizationProfiles;
			sourceTree = "<group>";
		};
		F4FC68F11ECC54CA00854DA1 /* Custom Cells */ = {
			isa = PBXGroup;
			children = (
				F45ED36B1F0B12AC0086CEED /* Course */,
				F45ED36C1F0B12B30086CEED /* Search */,
				F45ED36A1F0B12970086CEED /* Forum */,
				F43143D61F1015A700B07352 /* Messages */,
			);
			path = "Custom Cells";
			sourceTree = "<group>";
		};
/* End PBXGroup section */

/* Begin PBXNativeTarget section */
		F4D49AAB1EC70B8000CA1193 /* Moodle */ = {
			isa = PBXNativeTarget;
			buildConfigurationList = F4D49AC31EC70B8000CA1193 /* Build configuration list for PBXNativeTarget "Moodle" */;
			buildPhases = (
				F4D49AA81EC70B8000CA1193 /* Sources */,
				F4D49AA91EC70B8000CA1193 /* Frameworks */,
				F4D49AAA1EC70B8000CA1193 /* Resources */,
				F4A81FBB1EDD5DFD00AEAB48 /* Increment Build Number */,
				F466904B1EE2033300748E8C /* Update Localized Files */,
			);
			buildRules = (
			);
			dependencies = (
			);
			name = Moodle;
			productName = Moodle;
			productReference = F4D49AAC1EC70B8000CA1193 /* Moodle.app */;
			productType = "com.apple.product-type.application";
		};
/* End PBXNativeTarget section */

/* Begin PBXProject section */
		F4D49AA41EC70B8000CA1193 /* Project object */ = {
			isa = PBXProject;
			attributes = {
				LastUpgradeCheck = 0900;
				ORGANIZATIONNAME = "Simon Gaus";
				TargetAttributes = {
					F46690361EE1C84100748E8C = {
						CreatedOnToolsVersion = 8.3.1;
						DevelopmentTeam = N67G6688LK;
						ProvisioningStyle = Automatic;
					};
					F4D49AAB1EC70B8000CA1193 = {
						CreatedOnToolsVersion = 8.3.1;
						DevelopmentTeam = N67G6688LK;
						ProvisioningStyle = Automatic;
						SystemCapabilities = {
							com.apple.InterAppAudio = {
								enabled = 0;
							};
						};
					};
				};
			};
			buildConfigurationList = F4D49AA71EC70B8000CA1193 /* Build configuration list for PBXProject "Moodle" */;
			compatibilityVersion = "Xcode 3.2";
			developmentRegion = Germany;
			hasScannedForEncodings = 0;
			knownRegions = (
				en,
				Base,
				de,
			);
			mainGroup = F4D49AA31EC70B8000CA1193;
			productRefGroup = F4D49AAD1EC70B8000CA1193 /* Products */;
			projectDirPath = "";
			projectRoot = "";
			targets = (
				F4D49AAB1EC70B8000CA1193 /* Moodle */,
				F46690361EE1C84100748E8C /* MOODLE App Documentation */,
			);
		};
/* End PBXProject section */

/* Begin PBXResourcesBuildPhase section */
		F4D49AAA1EC70B8000CA1193 /* Resources */ = {
			isa = PBXResourcesBuildPhase;
			buildActionMask = 2147483647;
			files = (
				F4D49ABF1EC70B8000CA1193 /* LaunchScreen.storyboard in Resources */,
				F466904A1EE1FED500748E8C /* Localizable.strings in Resources */,
				F45778A61EE78E8D0000B130 /* bezierdata_w120_h120.archive in Resources */,
				F4D49ABC1EC70B8000CA1193 /* Assets.xcassets in Resources */,
				F4D49ABA1EC70B8000CA1193 /* Main.storyboard in Resources */,
				F45778A51EE78E8D0000B130 /* bezierdata_w80_h80.archive in Resources */,
			);
			runOnlyForDeploymentPostprocessing = 0;
		};
/* End PBXResourcesBuildPhase section */

/* Begin PBXShellScriptBuildPhase section */
		F466903A1EE1C86800748E8C /* Build Documentation */ = {
			isa = PBXShellScriptBuildPhase;
			buildActionMask = 2147483647;
			files = (
			);
			inputPaths = (
			);
			name = "Build Documentation";
			outputPaths = (
			);
			runOnlyForDeploymentPostprocessing = 0;
			shellPath = /bin/sh;
			shellScript = "#appledoc Xcode script\n# Start constants\ntarget=\"iphoneos\";\noutputPath=\"~/Documents/XCode/iOS Apps/Moodle - Projekt/Docs\";\n# End constants\n/usr/local/bin/appledoc \\\n--project-name \"${PROJECT_NAME}\" \\\n--output \"${outputPath}\" \\\n--docset-platform-family \"${target}\" \\\n--ignore \".m\" \\\n--index-desc \"~/Documents/XCode/iOS Apps/Moodle - Projekt/README.md\" \\\n--logformat xcode \\\n\"${PROJECT_DIR}\"";
		};
		F466904B1EE2033300748E8C /* Update Localized Files */ = {
			isa = PBXShellScriptBuildPhase;
			buildActionMask = 2147483647;
			files = (
			);
			inputPaths = (
			);
			name = "Update Localized Files";
			outputPaths = (
			);
			runOnlyForDeploymentPostprocessing = 0;
			shellPath = /bin/sh;
			shellScript = "if which bartycrouch > /dev/null; then\n# Incrementally update all Storyboards/XIBs strings files\nbartycrouch interfaces -p \"$PROJECT_DIR\"\n\n# Add new keys to Localizable.strings files from NSLocalizedString in code\nbartycrouch code -p \"$PROJECT_DIR\" -l \"$PROJECT_DIR\" -a -s\nelse\necho \"warning: BartyCrouch not installed, download it from https://github.com/Flinesoft/BartyCrouch\"\nfi";
		};
		F4A81FBB1EDD5DFD00AEAB48 /* Increment Build Number */ = {
			isa = PBXShellScriptBuildPhase;
			buildActionMask = 2147483647;
			files = (
			);
			inputPaths = (
			);
			name = "Increment Build Number";
			outputPaths = (
			);
			runOnlyForDeploymentPostprocessing = 0;
			shellPath = /bin/bash;
			shellScript = "buildNumber=$(/usr/libexec/PlistBuddy -c \"Print CFBundleVersion\" \"$INFOPLIST_FILE\")\nbuildNumber=$(($buildNumber + 1))\n/usr/libexec/PlistBuddy -c \"Set :CFBundleVersion $buildNumber\" \"$INFOPLIST_FILE\"";
		};
/* End PBXShellScriptBuildPhase section */

/* Begin PBXSourcesBuildPhase section */
		F4D49AA81EC70B8000CA1193 /* Sources */ = {
			isa = PBXSourcesBuildPhase;
			buildActionMask = 2147483647;
			files = (
				F45ED3691F0A65540086CEED /* MOODLEForumThreadTableViewCell.m in Sources */,
				F4327CE31EEAFFE400AA4A7B /* MOODLELinguisticListFormatter.m in Sources */,
				F4913BA71EF2ACBD000DCFC5 /* SGAccessibleSlider.m in Sources */,
				F4D49AF81EC8C17E00CA1193 /* MOODLETabBarController.m in Sources */,
				F47F4F071EE4D7480047B330 /* SGLabeledSwitch.m in Sources */,
				F46BE03B1EC9E9B60060F934 /* MOODLEDocumentViewController.m in Sources */,
				F4DBA3551F05185C00922921 /* MOODLEUser.m in Sources */,
				F42860C81ED0444800D498EC /* NSURLSession+SynchronuosTask.m in Sources */,
				F4D49AD71EC790BE00CA1193 /* TFHppleElement.m in Sources */,
				F4D49AE91EC8AF1300CA1193 /* MOODLECourseSection.m in Sources */,
				F43852961EC922D7005BC780 /* MOODLECourseSectionItem.m in Sources */,
				F4AB59B21F05B470007670E5 /* MOODLEForumEntryViewController.m in Sources */,
				F4C841641EE8437800B0EEC5 /* MOODLEActivityView.m in Sources */,
				F451B6181EE59E9D00BE056E /* UIColor+Moodle.m in Sources */,
				F45DE6761ED1FEDD0077BC61 /* MOODLECommentTableViewCell.m in Sources */,
				F4D49AF21EC8B16600CA1193 /* MOODLECourseDetailViewController.m in Sources */,
				F4D49AE21EC85F3000CA1193 /* MOODLEDataModel.m in Sources */,
				F4D49ADE1EC85C4400CA1193 /* MOODLECourse.m in Sources */,
				F438529A1EC93A7E005BC780 /* MOODLECourseSectionDetailViewController.m in Sources */,
				F4D49AB41EC70B8000CA1193 /* AppDelegate.m in Sources */,
				F42860D11ED0DC0B00D498EC /* MOODLESearchItemDetailViewController.m in Sources */,
				F4D49ACB1EC770E700CA1193 /* NSURLRequest+Moodle.m in Sources */,
				F440C7C91F07C99F000ABE37 /* MOODLEForumPostTableViewCell.m in Sources */,
				F4D49AD81EC790BE00CA1193 /* XPathQuery.m in Sources */,
				F40006201ECE236800FB1F60 /* MOODLEXMLParser.m in Sources */,
				F40518471EDB04AE008B3BF7 /* MOODLESettingsViewController.m in Sources */,
				F46D48121EF146BA00634C89 /* MOODLERessourceCoordinator.m in Sources */,
				F4D49AEE1EC8B07E00CA1193 /* MOODLECourseTableViewCell.m in Sources */,
				F46AA5D11F0564D00072F05C /* MOODLEForum.m in Sources */,
				F40518441EDAE506008B3BF7 /* MOODLETableViewRowAction.m in Sources */,
				F43143D51F10082900B07352 /* MOODLEMessagesViewController.m in Sources */,
				F43144081F1048FD00B07352 /* MOODLEChatMessage.m in Sources */,
				F43144021F103AE300B07352 /* MOODLEChatMessageTableViewCell.m in Sources */,
				F46AA5D41F056BAE0072F05C /* MOODLEPersistentStoreCoordinator.m in Sources */,
				F43143D91F1015CA00B07352 /* MOODLEChatItemTableViewCell.m in Sources */,
				F46AA5DA1F05958E0072F05C /* MOODLEForumViewController.m in Sources */,
				F4AB59B51F05B645007670E5 /* MOODLEForumPost.m in Sources */,
				F40D0D171F124CF200A98A0D /* UIView+Autolayout.m in Sources */,
				F43852921EC90AEC005BC780 /* MOODLECourseSectionTableViewCell.m in Sources */,
				F4D49AD61EC790BE00CA1193 /* TFHpple.m in Sources */,
				F4D49AC81EC71A9800CA1193 /* MOODLELoginViewController.m in Sources */,
				F4FC68F41ECC552800854DA1 /* MOODLECourseSectionItemTableViewCell.m in Sources */,
				F4D49AE51EC88F1300CA1193 /* KeychainWrapper.m in Sources */,
				F4D198851EE2C8F400BF64F2 /* AccessibilityCoordinator.m in Sources */,
				F431440B1F1056F600B07352 /* MOODLEChatItemViewController.m in Sources */,
				F43144051F103B1700B07352 /* SGBubbleView.m in Sources */,
				F43143D11F0FE96E00B07352 /* MOODLEChat.m in Sources */,
				F46AA5D71F058E120072F05C /* MOODLEForumEntry.m in Sources */,
				F42860D41ED1EFB000D498EC /* MOODLESearchResultTableViewCell.m in Sources */,
				F46D48181EF1C86400634C89 /* MOODLEDocumentsTableViewController.m in Sources */,
				F4D49AB11EC70B8000CA1193 /* main.m in Sources */,
				F43D50291EE17A4200BF534E /* MOODLEProgressViewController.m in Sources */,
				F4D49ACE1EC7761200CA1193 /* MOODLECourseViewController.m in Sources */,
				F4D49AF51EC8C12D00CA1193 /* MOODLECourseSearchViewController.m in Sources */,
				F45778A41EE78E8D0000B130 /* HUProgressIndicator.m in Sources */,
			);
			runOnlyForDeploymentPostprocessing = 0;
		};
/* End PBXSourcesBuildPhase section */

/* Begin PBXVariantGroup section */
		F46690461EE1FED500748E8C /* Localizable.strings */ = {
			isa = PBXVariantGroup;
			children = (
				F46690471EE1FED500748E8C /* en */,
				F46690481EE1FED500748E8C /* de */,
				F46690491EE1FED500748E8C /* Base */,
			);
			name = Localizable.strings;
			sourceTree = "<group>";
		};
		F4D49AB81EC70B8000CA1193 /* Main.storyboard */ = {
			isa = PBXVariantGroup;
			children = (
				F4D49AB91EC70B8000CA1193 /* Base */,
				F46690521EE205E200748E8C /* en */,
				F46690531EE205EC00748E8C /* de */,
			);
			name = Main.storyboard;
			sourceTree = "<group>";
		};
		F4D49ABD1EC70B8000CA1193 /* LaunchScreen.storyboard */ = {
			isa = PBXVariantGroup;
			children = (
				F4D49ABE1EC70B8000CA1193 /* Base */,
				F46690501EE205D000748E8C /* en */,
				F46690511EE205D300748E8C /* de */,
			);
			name = LaunchScreen.storyboard;
			sourceTree = "<group>";
		};
/* End PBXVariantGroup section */

/* Begin XCBuildConfiguration section */
		F46690371EE1C84100748E8C /* Debug */ = {
			isa = XCBuildConfiguration;
			buildSettings = {
				DEVELOPMENT_TEAM = N67G6688LK;
				PRODUCT_NAME = "$(TARGET_NAME)";
			};
			name = Debug;
		};
		F46690381EE1C84100748E8C /* Release */ = {
			isa = XCBuildConfiguration;
			buildSettings = {
				DEVELOPMENT_TEAM = N67G6688LK;
				PRODUCT_NAME = "$(TARGET_NAME)";
			};
			name = Release;
		};
		F4D49AC11EC70B8000CA1193 /* Debug */ = {
			isa = XCBuildConfiguration;
			buildSettings = {
				ALWAYS_SEARCH_USER_PATHS = NO;
				ASSETCATALOG_COMPILER_OPTIMIZATION = time;
				CLANG_ANALYZER_LOCALIZABILITY_NONLOCALIZED = YES;
				CLANG_ANALYZER_NONNULL = YES;
				CLANG_ANALYZER_NUMBER_OBJECT_CONVERSION = YES_AGGRESSIVE;
				CLANG_CXX_LANGUAGE_STANDARD = "gnu++0x";
				CLANG_CXX_LIBRARY = "libc++";
				CLANG_ENABLE_MODULES = YES;
				CLANG_ENABLE_OBJC_ARC = YES;
				CLANG_WARN_BLOCK_CAPTURE_AUTORELEASING = YES;
				CLANG_WARN_BOOL_CONVERSION = YES;
				CLANG_WARN_COMMA = YES;
				CLANG_WARN_CONSTANT_CONVERSION = YES;
				CLANG_WARN_DIRECT_OBJC_ISA_USAGE = YES_ERROR;
				CLANG_WARN_DOCUMENTATION_COMMENTS = YES;
				CLANG_WARN_EMPTY_BODY = YES;
				CLANG_WARN_ENUM_CONVERSION = YES;
				CLANG_WARN_INFINITE_RECURSION = YES;
				CLANG_WARN_INT_CONVERSION = YES;
				CLANG_WARN_NON_LITERAL_NULL_CONVERSION = YES;
				CLANG_WARN_OBJC_LITERAL_CONVERSION = YES;
				CLANG_WARN_OBJC_ROOT_CLASS = YES_ERROR;
				CLANG_WARN_RANGE_LOOP_ANALYSIS = YES;
				CLANG_WARN_STRICT_PROTOTYPES = YES;
				CLANG_WARN_SUSPICIOUS_MOVE = YES;
				CLANG_WARN_UNREACHABLE_CODE = YES;
				CLANG_WARN__DUPLICATE_METHOD_MATCH = YES;
				"CODE_SIGN_IDENTITY[sdk=iphoneos*]" = "iPhone Developer";
				COPY_PHASE_STRIP = NO;
				DEBUG_INFORMATION_FORMAT = dwarf;
				ENABLE_STRICT_OBJC_MSGSEND = YES;
				ENABLE_TESTABILITY = YES;
				GCC_C_LANGUAGE_STANDARD = gnu99;
				GCC_DYNAMIC_NO_PIC = NO;
				GCC_NO_COMMON_BLOCKS = YES;
				GCC_OPTIMIZATION_LEVEL = fast;
				GCC_PREPROCESSOR_DEFINITIONS = (
					"DEBUG=1",
					"$(inherited)",
				);
				GCC_WARN_64_TO_32_BIT_CONVERSION = YES;
				GCC_WARN_ABOUT_RETURN_TYPE = YES_ERROR;
				GCC_WARN_UNDECLARED_SELECTOR = YES;
				GCC_WARN_UNINITIALIZED_AUTOS = YES_AGGRESSIVE;
				GCC_WARN_UNUSED_FUNCTION = YES;
				GCC_WARN_UNUSED_VARIABLE = YES;
				IPHONEOS_DEPLOYMENT_TARGET = 9.3;
				MTL_ENABLE_DEBUG_INFO = YES;
				ONLY_ACTIVE_ARCH = YES;
				SDKROOT = iphoneos;
				TARGETED_DEVICE_FAMILY = "1,2";
			};
			name = Debug;
		};
		F4D49AC21EC70B8000CA1193 /* Release */ = {
			isa = XCBuildConfiguration;
			buildSettings = {
				ALWAYS_SEARCH_USER_PATHS = NO;
				ASSETCATALOG_COMPILER_OPTIMIZATION = time;
				CLANG_ANALYZER_LOCALIZABILITY_NONLOCALIZED = YES;
				CLANG_ANALYZER_NONNULL = YES;
				CLANG_ANALYZER_NUMBER_OBJECT_CONVERSION = YES_AGGRESSIVE;
				CLANG_CXX_LANGUAGE_STANDARD = "gnu++0x";
				CLANG_CXX_LIBRARY = "libc++";
				CLANG_ENABLE_MODULES = YES;
				CLANG_ENABLE_OBJC_ARC = YES;
				CLANG_WARN_BLOCK_CAPTURE_AUTORELEASING = YES;
				CLANG_WARN_BOOL_CONVERSION = YES;
				CLANG_WARN_COMMA = YES;
				CLANG_WARN_CONSTANT_CONVERSION = YES;
				CLANG_WARN_DIRECT_OBJC_ISA_USAGE = YES_ERROR;
				CLANG_WARN_DOCUMENTATION_COMMENTS = YES;
				CLANG_WARN_EMPTY_BODY = YES;
				CLANG_WARN_ENUM_CONVERSION = YES;
				CLANG_WARN_INFINITE_RECURSION = YES;
				CLANG_WARN_INT_CONVERSION = YES;
				CLANG_WARN_NON_LITERAL_NULL_CONVERSION = YES;
				CLANG_WARN_OBJC_LITERAL_CONVERSION = YES;
				CLANG_WARN_OBJC_ROOT_CLASS = YES_ERROR;
				CLANG_WARN_RANGE_LOOP_ANALYSIS = YES;
				CLANG_WARN_STRICT_PROTOTYPES = YES;
				CLANG_WARN_SUSPICIOUS_MOVE = YES;
				CLANG_WARN_UNREACHABLE_CODE = YES;
				CLANG_WARN__DUPLICATE_METHOD_MATCH = YES;
				"CODE_SIGN_IDENTITY[sdk=iphoneos*]" = "iPhone Developer";
				COPY_PHASE_STRIP = NO;
				DEBUG_INFORMATION_FORMAT = "dwarf-with-dsym";
				ENABLE_NS_ASSERTIONS = NO;
				ENABLE_STRICT_OBJC_MSGSEND = YES;
				GCC_C_LANGUAGE_STANDARD = gnu99;
				GCC_NO_COMMON_BLOCKS = YES;
				GCC_OPTIMIZATION_LEVEL = fast;
				GCC_WARN_64_TO_32_BIT_CONVERSION = YES;
				GCC_WARN_ABOUT_RETURN_TYPE = YES_ERROR;
				GCC_WARN_UNDECLARED_SELECTOR = YES;
				GCC_WARN_UNINITIALIZED_AUTOS = YES_AGGRESSIVE;
				GCC_WARN_UNUSED_FUNCTION = YES;
				GCC_WARN_UNUSED_VARIABLE = YES;
				IPHONEOS_DEPLOYMENT_TARGET = 9.3;
				MTL_ENABLE_DEBUG_INFO = NO;
				SDKROOT = iphoneos;
				TARGETED_DEVICE_FAMILY = "1,2";
				VALIDATE_PRODUCT = YES;
			};
			name = Release;
		};
		F4D49AC41EC70B8000CA1193 /* Debug */ = {
			isa = XCBuildConfiguration;
			buildSettings = {
				ASSETCATALOG_COMPILER_APPICON_NAME = AppIcon;
				CLANG_USE_OPTIMIZATION_PROFILE = NO;
				DEVELOPMENT_TEAM = N67G6688LK;
				FRAMEWORK_SEARCH_PATHS = (
					"$(inherited)",
					"$(PROJECT_DIR)/Moodle/Frameworks",
				);
				GCC_OPTIMIZATION_LEVEL = fast;
				HEADER_SEARCH_PATHS = "$(SDKROOT)/usr/include/libxml2";
				INFOPLIST_FILE = Moodle/Info.plist;
				IPHONEOS_DEPLOYMENT_TARGET = 9.3;
				LD_RUNPATH_SEARCH_PATHS = "$(inherited) @executable_path/Frameworks";
				PRODUCT_BUNDLE_IDENTIFIER = de.simonsserver.Moodle;
				PRODUCT_NAME = "$(TARGET_NAME)";
				TARGETED_DEVICE_FAMILY = "1,2";
			};
			name = Debug;
		};
		F4D49AC51EC70B8000CA1193 /* Release */ = {
			isa = XCBuildConfiguration;
			buildSettings = {
				ASSETCATALOG_COMPILER_APPICON_NAME = AppIcon;
				CLANG_USE_OPTIMIZATION_PROFILE = NO;
				DEVELOPMENT_TEAM = N67G6688LK;
				FRAMEWORK_SEARCH_PATHS = (
					"$(inherited)",
					"$(PROJECT_DIR)/Moodle/Frameworks",
				);
				GCC_OPTIMIZATION_LEVEL = fast;
				HEADER_SEARCH_PATHS = "$(SDKROOT)/usr/include/libxml2";
				INFOPLIST_FILE = Moodle/Info.plist;
				IPHONEOS_DEPLOYMENT_TARGET = 9.3;
				LD_RUNPATH_SEARCH_PATHS = "$(inherited) @executable_path/Frameworks";
				PRODUCT_BUNDLE_IDENTIFIER = de.simonsserver.Moodle;
				PRODUCT_NAME = "$(TARGET_NAME)";
				TARGETED_DEVICE_FAMILY = "1,2";
			};
			name = Release;
		};
/* End XCBuildConfiguration section */

/* Begin XCConfigurationList section */
		F46690391EE1C84100748E8C /* Build configuration list for PBXAggregateTarget "MOODLE App Documentation" */ = {
			isa = XCConfigurationList;
			buildConfigurations = (
				F46690371EE1C84100748E8C /* Debug */,
				F46690381EE1C84100748E8C /* Release */,
			);
			defaultConfigurationIsVisible = 0;
			defaultConfigurationName = Release;
		};
		F4D49AA71EC70B8000CA1193 /* Build configuration list for PBXProject "Moodle" */ = {
			isa = XCConfigurationList;
			buildConfigurations = (
				F4D49AC11EC70B8000CA1193 /* Debug */,
				F4D49AC21EC70B8000CA1193 /* Release */,
			);
			defaultConfigurationIsVisible = 0;
			defaultConfigurationName = Release;
		};
		F4D49AC31EC70B8000CA1193 /* Build configuration list for PBXNativeTarget "Moodle" */ = {
			isa = XCConfigurationList;
			buildConfigurations = (
				F4D49AC41EC70B8000CA1193 /* Debug */,
				F4D49AC51EC70B8000CA1193 /* Release */,
			);
			defaultConfigurationIsVisible = 0;
			defaultConfigurationName = Release;
		};
/* End XCConfigurationList section */
	};
	rootObject = F4D49AA41EC70B8000CA1193 /* Project object */;
}
